
Microsoft Visual Studio Solution File, Format Version 12.00
# Visual Studio Version 17
VisualStudioVersion = 17.1.32328.378
MinimumVisualStudioVersion = 10.0.40219.1
Project("{9A19103F-16F7-4668-BE54-9A1E7A4F7556}") = "Modulation", "Modulation\Modulation.csproj", "{2813407F-6E6E-4991-9A2C-D31941983300}"
	ProjectSection(ProjectDependencies) = postProject
		{5C92410A-3661-4CB8-848A-180583673EB3} = {5C92410A-3661-4CB8-848A-180583673EB3}
	EndProjectSection
EndProject
Project("{9A19103F-16F7-4668-BE54-9A1E7A4F7556}") = "Modulate.NET", "Modulate.NET\Modulate.NET.csproj", "{5C92410A-3661-4CB8-848A-180583673EB3}"
EndProject
Global
	GlobalSection(SolutionConfigurationPlatforms) = preSolution
		Debug|Any CPU = Debug|Any CPU
		Debug|x64 = Debug|x64
		Debug|x86 = Debug|x86
		Release|Any CPU = Release|Any CPU
		Release|x64 = Release|x64
		Release|x86 = Release|x86
	EndGlobalSection
	GlobalSection(ProjectConfigurationPlatforms) = postSolution
		{2813407F-6E6E-4991-9A2C-D31941983300}.Debug|Any CPU.ActiveCfg = Debug|Any CPU
		{2813407F-6E6E-4991-9A2C-D31941983300}.Debug|Any CPU.Build.0 = Debug|Any CPU
		{2813407F-6E6E-4991-9A2C-D31941983300}.Debug|x64.ActiveCfg = Debug|Any CPU
		{2813407F-6E6E-4991-9A2C-D31941983300}.Debug|x64.Build.0 = Debug|Any CPU
		{2813407F-6E6E-4991-9A2C-D31941983300}.Debug|x86.ActiveCfg = Debug|Any CPU
		{2813407F-6E6E-4991-9A2C-D31941983300}.Debug|x86.Build.0 = Debug|Any CPU
		{2813407F-6E6E-4991-9A2C-D31941983300}.Release|Any CPU.ActiveCfg = Release|Any CPU
		{2813407F-6E6E-4991-9A2C-D31941983300}.Release|Any CPU.Build.0 = Release|Any CPU
		{2813407F-6E6E-4991-9A2C-D31941983300}.Release|x64.ActiveCfg = Release|Any CPU
		{2813407F-6E6E-4991-9A2C-D31941983300}.Release|x64.Build.0 = Release|Any CPU
		{2813407F-6E6E-4991-9A2C-D31941983300}.Release|x86.ActiveCfg = Release|Any CPU
		{2813407F-6E6E-4991-9A2C-D31941983300}.Release|x86.Build.0 = Release|Any CPU
		{5C92410A-3661-4CB8-848A-180583673EB3}.Debug|Any CPU.ActiveCfg = Debug|Any CPU
		{5C92410A-3661-4CB8-848A-180583673EB3}.Debug|Any CPU.Build.0 = Debug|Any CPU
		{5C92410A-3661-4CB8-848A-180583673EB3}.Debug|x64.ActiveCfg = Debug|Any CPU
		{5C92410A-3661-4CB8-848A-180583673EB3}.Debug|x64.Build.0 = Debug|Any CPU
		{5C92410A-3661-4CB8-848A-180583673EB3}.Debug|x86.ActiveCfg = Debug|Any CPU
		{5C92410A-3661-4CB8-848A-180583673EB3}.Debug|x86.Build.0 = Debug|Any CPU
		{5C92410A-3661-4CB8-848A-180583673EB3}.Release|Any CPU.ActiveCfg = Release|Any CPU
		{5C92410A-3661-4CB8-848A-180583673EB3}.Release|Any CPU.Build.0 = Release|Any CPU
		{5C92410A-3661-4CB8-848A-180583673EB3}.Release|x64.ActiveCfg = Release|Any CPU
		{5C92410A-3661-4CB8-848A-180583673EB3}.Release|x64.Build.0 = Release|Any CPU
		{5C92410A-3661-4CB8-848A-180583673EB3}.Release|x86.ActiveCfg = Release|Any CPU
		{5C92410A-3661-4CB8-848A-180583673EB3}.Release|x86.Build.0 = Release|Any CPU
	EndGlobalSection
	GlobalSection(SolutionProperties) = preSolution
		HideSolutionNode = FALSE
	EndGlobalSection
	GlobalSection(ExtensibilityGlobals) = postSolution
		SolutionGuid = {6D19FCD3-21E0-4D52-A954-61F194A41D76}
	EndGlobalSection
EndGlobal
